PODS:
  - Auth0 (1.39.1):
    - JWTDecode (~> 2.0)
    - SimpleKeychain (~> 0.12)
  - DexcareSDK (8.3.0):
    - MBProgressHUD (~> 1.2.0)
    - MessageKit (= 3.8.0)
    - OpenTok (= 2.24.0)
  - InputBarAccessoryView (5.5.0):
    - InputBarAccessoryView/Core (= 5.5.0)
  - InputBarAccessoryView/Core (5.5.0)
  - JWTDecode (2.6.3)
  - KeychainAccess (4.2.2)
  - Lock (2.24.1):
    - Auth0 (~> 1.31)
    - Lock/Classic (= 2.24.1)
  - Lock/Classic (2.24.1):
    - Auth0 (~> 1.31)
  - MBProgressHUD (1.2.0)
  - MessageKit (3.8.0):
    - InputBarAccessoryView (~> 5.5.0)
  - OpenTok (2.24.0):
    - VonageWebRTC (= 99.2.39)
  - SimpleKeychain (0.12.5)
  - TPKeyboardAvoiding (1.3.5)
  - VonageWebRTC (99.2.39)

DEPENDENCIES:
  - Auth0
  - DexcareSDK (from `https://github.com/Dexcare/DexcareSDK-iOS.git`, tag `8.3.0`)
  - KeychainAccess
  - Lock (~> 2.24)
  - TPKeyboardAvoiding

SPEC REPOS:
  trunk:
    - Auth0
    - InputBarAccessoryView
    - JWTDecode
    - KeychainAccess
    - Lock
    - MBProgressHUD
    - MessageKit
    - OpenTok
    - SimpleKeychain
    - TPKeyboardAvoiding
    - VonageWebRTC

EXTERNAL SOURCES:
  DexcareSDK:
    :git: https://github.com/Dexcare/DexcareSDK-iOS.git
    :tag: 8.3.0

CHECKOUT OPTIONS:
  DexcareSDK:
    :git: https://github.com/Dexcare/DexcareSDK-iOS.git
    :tag: 8.3.0

SPEC CHECKSUMS:
  Auth0: ba3f034ff606c99052ea9e91867ebb5317565f37
  DexcareSDK: 8e8bb4b9f3d73855dc6fe0b36bfb34d8257927e0
  InputBarAccessoryView: 1d7b0a672b36e370f01f264b3907ef39d03328e3
  JWTDecode: 33e5e26e5ddbd21b2065820894c08fef0cad9509
  KeychainAccess: c0c4f7f38f6fc7bbe58f5702e25f7bd2f65abf51
  Lock: fa9879d19cfb2159e67bcc73dc7188c6b52925c3
  MBProgressHUD: 3ee5efcc380f6a79a7cc9b363dd669c5e1ae7406
  MessageKit: a1ba0c69ebead94029867853eb44dd05b9b3f453
  OpenTok: 6995850a6a7a37464ffece03ae0b8563b0f5445d
  SimpleKeychain: 8193a9e40967eccac933c1fde82de46c07a5ae26
  TPKeyboardAvoiding: d55b3ea7b362540af8fcf36aa3ed2e87bf210cc6
  VonageWebRTC: 4b57187170ef4ea435006e932600646a0521d6b0

PODFILE CHECKSUM: e62488901913d847557752cbec9b6171cafc2ddc

COCOAPODS: 1.12.0
