PODS:
  - Auth0 (1.38.0):
    - JWTDecode (~> 2.0)
    - SimpleKeychain
  - DexcareSDK (8.0.1):
    - MBProgressHUD (~> 1.2.0)
    - MessageKit (= 3.8.0)
    - OpenTok (= 2.22.3)
  - InputBarAccessoryView (5.5.0):
    - InputBarAccessoryView/Core (= 5.5.0)
  - InputBarAccessoryView/Core (5.5.0)
  - JWTDecode (2.6.3)
  - KeychainAccess (4.2.2)
  - Lock (2.24.1):
    - Auth0 (~> 1.31)
    - Lock/Classic (= 2.24.1)
  - Lock/Classic (2.24.1):
    - Auth0 (~> 1.31)
  - MBProgressHUD (1.2.0)
  - MessageKit (3.8.0):
    - InputBarAccessoryView (~> 5.5.0)
  - OpenTok (2.22.3):
    - VonageWebRTC (= 84.0.21)
  - PromiseKit (6.17.1):
    - PromiseKit/CorePromise (= 6.17.1)
    - PromiseKit/Foundation (= 6.17.1)
    - PromiseKit/UIKit (= 6.17.1)
  - PromiseKit/CorePromise (6.17.1)
  - PromiseKit/Foundation (6.17.1):
    - PromiseKit/CorePromise
  - PromiseKit/UIKit (6.17.1):
    - PromiseKit/CorePromise
  - SimpleKeychain (0.12.5)
  - TPKeyboardAvoiding (1.3.5)
  - VonageWebRTC (84.0.21)

DEPENDENCIES:
  - Auth0
  - DexcareSDK (from `https://github.com/Dexcare/DexcareSDK-iOS.git`, tag `8.0.1`)
  - KeychainAccess
  - Lock (~> 2.24)
  - PromiseKit
  - TPKeyboardAvoiding

SPEC REPOS:
  trunk:
    - Auth0
    - InputBarAccessoryView
    - JWTDecode
    - KeychainAccess
    - Lock
    - MBProgressHUD
    - MessageKit
    - OpenTok
    - PromiseKit
    - SimpleKeychain
    - TPKeyboardAvoiding
    - VonageWebRTC

EXTERNAL SOURCES:
  DexcareSDK:
    :git: https://github.com/Dexcare/DexcareSDK-iOS.git
    :tag: 8.0.1

CHECKOUT OPTIONS:
  DexcareSDK:
    :git: https://github.com/Dexcare/DexcareSDK-iOS.git
    :tag: 8.0.1

SPEC CHECKSUMS:
  Auth0: 56b4b681712d10bcfddae89d4a73158abebdf5a6
  DexcareSDK: eb311d30f54e20cd005849696e12653f4d14e0d0
  InputBarAccessoryView: 1d7b0a672b36e370f01f264b3907ef39d03328e3
  JWTDecode: 33e5e26e5ddbd21b2065820894c08fef0cad9509
  KeychainAccess: c0c4f7f38f6fc7bbe58f5702e25f7bd2f65abf51
  Lock: fa9879d19cfb2159e67bcc73dc7188c6b52925c3
  MBProgressHUD: 3ee5efcc380f6a79a7cc9b363dd669c5e1ae7406
  MessageKit: a1ba0c69ebead94029867853eb44dd05b9b3f453
  OpenTok: 532cdb6254b7bf41c64f8ad761469d6f7a154c7b
  PromiseKit: ee485df3d4dc570594d7e7aecae6352697dc6a4c
  SimpleKeychain: 8193a9e40967eccac933c1fde82de46c07a5ae26
  TPKeyboardAvoiding: d55b3ea7b362540af8fcf36aa3ed2e87bf210cc6
  VonageWebRTC: cfa7aefc3fe6e95bcbd778e8973af90fe9bfd497

PODFILE CHECKSUM: b253a2756ea26a7eaa5c7b2e95f5555440f09545

COCOAPODS: 1.11.3
