{
  "originHash" : "ed8028c5a6096c85df6a144422345140243fec731b0630dd43d1dc2bcaaf8263",
  "pins" : [
    {
      "identity" : "auth0.swift",
      "kind" : "remoteSourceControl",
      "location" : "https://github.com/auth0/Auth0.swift.git",
      "state" : {
        "revision" : "ed8079f27b32f3fc96b6c3dcc5e9e5a1dd68e247",
        "version" : "1.39.1"
      }
    },
    {
      "identity" : "dexcaresdk-ios",
      "kind" : "remoteSourceControl",
      "location" : "https://github.com/DexCare/DexCareSDK-iOS.git",
      "state" : {
        "revision" : "510ab3620ffac699042e66b7bf97cfd28a50fa66",
        "version" : "9.5.0"
      }
    },
    {
      "identity" : "fittedsheets",
      "kind" : "remoteSourceControl",
      "location" : "https://github.com/gordontucker/FittedSheets",
      "state" : {
        "revision" : "5d7f5a6307ad510aa05de5a4a16ac40846d3b2d3",
        "version" : "2.6.1"
      }
    },
    {
      "identity" : "inputbaraccessoryview",
      "kind" : "remoteSourceControl",
      "location" : "https://github.com/nathantannar4/InputBarAccessoryView",
      "state" : {
        "revision" : "c7acd5fa32e54cd7a44ad7eb9a7730da35b54c95",
        "version" : "6.5.1"
      }
    },
    {
      "identity" : "jwtdecode.swift",
      "kind" : "remoteSourceControl",
      "location" : "https://github.com/auth0/JWTDecode.swift.git",
      "state" : {
        "revision" : "3cd207fb9e943b6168a117baa3936c823204c2dc",
        "version" : "2.6.3"
      }
    },
    {
      "identity" : "lock.swift",
      "kind" : "remoteSourceControl",
      "location" : "https://github.com/auth0/Lock.swift.git",
      "state" : {
        "revision" : "15a4ddfe40d948194d71251593230778caf837ca",
        "version" : "2.24.1"
      }
    },
    {
      "identity" : "mbprogresshud",
      "kind" : "remoteSourceControl",
      "location" : "https://github.com/matej/MBProgressHUD",
      "state" : {
        "revision" : "bca42b801100b2b3a4eda0ba8dd33d858c780b0d",
        "version" : "1.2.0"
      }
    },
    {
      "identity" : "messagekit",
      "kind" : "remoteSourceControl",
      "location" : "https://github.com/MessageKit/MessageKit",
      "state" : {
        "revision" : "b024c1287ac30fb6ea2ee07169e6193efc11d972",
        "version" : "4.3.0"
      }
    },
    {
      "identity" : "simplekeychain",
      "kind" : "remoteSourceControl",
      "location" : "https://github.com/auth0/SimpleKeychain.git",
      "state" : {
        "revision" : "b355c569efcd409e252ccbb500d9fc2713b4d64d",
        "version" : "0.12.5"
      }
    },
    {
      "identity" : "vonage-client-sdk-video",
      "kind" : "remoteSourceControl",
      "location" : "https://github.com/opentok/vonage-client-sdk-video",
      "state" : {
        "revision" : "7e80b633003ea6e98d672fcb3656de9a6e9fba02",
        "version" : "2.28.2"
      }
    }
  ],
  "version" : 3
}
