// !$*UTF8*$!
{
	archiveVersion = 1;
	classes = {
	};
	objectVersion = 51;
	objects = {

/* Begin PBXBuildFile section */
		E8054B9D2538940400BB52DA /* AppDelegate.swift in Sources */ = {isa = PBXBuildFile; fileRef = E8054B9C2538940400BB52DA /* AppDelegate.swift */; };
		E8054B9F2538940400BB52DA /* SceneDelegate.swift in Sources */ = {isa = PBXBuildFile; fileRef = E8054B9E2538940400BB52DA /* SceneDelegate.swift */; };
		E8054BA12538940400BB52DA /* DashboardViewController.swift in Sources */ = {isa = PBXBuildFile; fileRef = E8054BA02538940400BB52DA /* DashboardViewController.swift */; };
		E8054BA42538940400BB52DA /* Main.storyboard in Resources */ = {isa = PBXBuildFile; fileRef = E8054BA22538940400BB52DA /* Main.storyboard */; };
		E8054BA62538940700BB52DA /* Assets.xcassets in Resources */ = {isa = PBXBuildFile; fileRef = E8054BA52538940700BB52DA /* Assets.xcassets */; };
		E8054BA92538940700BB52DA /* LaunchScreen.storyboard in Resources */ = {isa = PBXBuildFile; fileRef = E8054BA72538940700BB52DA /* LaunchScreen.storyboard */; };
		E8054BB22538AACB00BB52DA /* Configuration.swift in Sources */ = {isa = PBXBuildFile; fileRef = E8054BB12538AACB00BB52DA /* Configuration.swift */; };
		E8054BB42538ACB900BB52DA /* acme.plist in Resources */ = {isa = PBXBuildFile; fileRef = E8054BB32538ACB900BB52DA /* acme.plist */; };
		E8054BB72538DEFF00BB52DA /* ConsoleLogger.swift in Sources */ = {isa = PBXBuildFile; fileRef = E8054BB62538DEFF00BB52DA /* ConsoleLogger.swift */; };
		E8054BBA2538E42100BB52DA /* AppServices.swift in Sources */ = {isa = PBXBuildFile; fileRef = E8054BB92538E42100BB52DA /* AppServices.swift */; };
		E8054BBF2539E7D900BB52DA /* VirtualRegionCollectionViewCell.swift in Sources */ = {isa = PBXBuildFile; fileRef = E8054BBE2539E7D900BB52DA /* VirtualRegionCollectionViewCell.swift */; };
		E8054BC22539E86800BB52DA /* ReusableView.swift in Sources */ = {isa = PBXBuildFile; fileRef = E8054BC12539E86800BB52DA /* ReusableView.swift */; };
		E8054BC42539EADC00BB52DA /* VirtualRegionCollectionViewCell.xib in Resources */ = {isa = PBXBuildFile; fileRef = E8054BC32539EADC00BB52DA /* VirtualRegionCollectionViewCell.xib */; };
		E8054BC62539FBB900BB52DA /* Collection.swift in Sources */ = {isa = PBXBuildFile; fileRef = E8054BC52539FBB900BB52DA /* Collection.swift */; };
		E8054BC8253A013600BB52DA /* DashboardHeaderReusableView.swift in Sources */ = {isa = PBXBuildFile; fileRef = E8054BC7253A013600BB52DA /* DashboardHeaderReusableView.swift */; };
		E8054BCB253DD1A000BB52DA /* DemographicsViewController.swift in Sources */ = {isa = PBXBuildFile; fileRef = E8054BCA253DD1A000BB52DA /* DemographicsViewController.swift */; };
		E8054BD2253DD38A00BB52DA /* Demographics.storyboard in Resources */ = {isa = PBXBuildFile; fileRef = E8054BD1253DD38A00BB52DA /* Demographics.storyboard */; };
		E8054BD6253DDB5300BB52DA /* InputView.swift in Sources */ = {isa = PBXBuildFile; fileRef = E8054BD5253DDB5300BB52DA /* InputView.swift */; };
		E8054BD8253DDD8D00BB52DA /* ValidationResult.swift in Sources */ = {isa = PBXBuildFile; fileRef = E8054BD7253DDD8D00BB52DA /* ValidationResult.swift */; };
		E8054BDA253DE61F00BB52DA /* UnitedStatesISO3166SubdivisionsValidator.swift in Sources */ = {isa = PBXBuildFile; fileRef = E8054BD9253DE61F00BB52DA /* UnitedStatesISO3166SubdivisionsValidator.swift */; };
		E8054BDC253DE89C00BB52DA /* OptionPicker.swift in Sources */ = {isa = PBXBuildFile; fileRef = E8054BDB253DE89C00BB52DA /* OptionPicker.swift */; };
		E8054BDE253DE8DC00BB52DA /* PickerMapper.swift in Sources */ = {isa = PBXBuildFile; fileRef = E8054BDD253DE8DC00BB52DA /* PickerMapper.swift */; };
		E8054BE0253DE92300BB52DA /* DatePicker.swift in Sources */ = {isa = PBXBuildFile; fileRef = E8054BDF253DE92300BB52DA /* DatePicker.swift */; };
		E8054BE2253E240500BB52DA /* Validation.swift in Sources */ = {isa = PBXBuildFile; fileRef = E8054BE1253E240500BB52DA /* Validation.swift */; };
		E8054BE4253E88AA00BB52DA /* PhoneFormatter.swift in Sources */ = {isa = PBXBuildFile; fileRef = E8054BE3253E88AA00BB52DA /* PhoneFormatter.swift */; };
		E8054BE6253E8DBE00BB52DA /* Validation.strings in Resources */ = {isa = PBXBuildFile; fileRef = E8054BE5253E8DBE00BB52DA /* Validation.strings */; };
		E8054BE8253F1D8900BB52DA /* VirtualService.swift in Sources */ = {isa = PBXBuildFile; fileRef = E8054BE7253F1D8900BB52DA /* VirtualService.swift */; };
		E8054BEB253F212900BB52DA /* ReasonForVisitViewController.swift in Sources */ = {isa = PBXBuildFile; fileRef = E8054BEA253F212900BB52DA /* ReasonForVisitViewController.swift */; };
		E8054BED253F214A00BB52DA /* ReasonForVisit.storyboard in Resources */ = {isa = PBXBuildFile; fileRef = E8054BEC253F214A00BB52DA /* ReasonForVisit.storyboard */; };
		E8054BEF253F22D200BB52DA /* BaseViewController.swift in Sources */ = {isa = PBXBuildFile; fileRef = E8054BEE253F22D200BB52DA /* BaseViewController.swift */; };
		E8054BF2253F2C9300BB52DA /* SummaryViewController.swift in Sources */ = {isa = PBXBuildFile; fileRef = E8054BF1253F2C9300BB52DA /* SummaryViewController.swift */; };
		E8054BF4253F31DE00BB52DA /* Summary.storyboard in Resources */ = {isa = PBXBuildFile; fileRef = E8054BF3253F31DE00BB52DA /* Summary.storyboard */; };
		E8301F49257010F1004A6209 /* RetailClinicCollectionViewCell.swift in Sources */ = {isa = PBXBuildFile; fileRef = E8301F48257010F1004A6209 /* RetailClinicCollectionViewCell.swift */; };
		E8301F4B25701121004A6209 /* RetailClinicCollectionViewCell.xib in Resources */ = {isa = PBXBuildFile; fileRef = E8301F4A25701121004A6209 /* RetailClinicCollectionViewCell.xib */; };
		E864371B25CDA1F700C0FFD1 /* KeychainLoginStore.swift in Sources */ = {isa = PBXBuildFile; fileRef = E864371A25CDA1F700C0FFD1 /* KeychainLoginStore.swift */; };
		E89C19BB25CDB05C0001C6CD /* BiometricsService.swift in Sources */ = {isa = PBXBuildFile; fileRef = E89C19BA25CDB05C0001C6CD /* BiometricsService.swift */; };
		E89C99E325CC9614009B7BAC /* Auth0Manager.swift in Sources */ = {isa = PBXBuildFile; fileRef = E89C99E225CC9614009B7BAC /* Auth0Manager.swift */; };
		E8A8C9FB258A947100644C91 /* RetailVisitConnectionViewCell.swift in Sources */ = {isa = PBXBuildFile; fileRef = E8A8C9FA258A947100644C91 /* RetailVisitConnectionViewCell.swift */; };
		E8A8C9FD258A94F400644C91 /* RetailVisitCollectionViewCell.xib in Resources */ = {isa = PBXBuildFile; fileRef = E8A8C9FC258A94F400644C91 /* RetailVisitCollectionViewCell.xib */; };
		E8C4DDF726053EC10046E626 /* ViewController+.swift in Sources */ = {isa = PBXBuildFile; fileRef = E8C4DDF626053EC10046E626 /* ViewController+.swift */; };
		E8EC422E256EC6A3003C6D51 /* TimeslotCollectionViewCell.swift in Sources */ = {isa = PBXBuildFile; fileRef = E8EC422D256EC6A3003C6D51 /* TimeslotCollectionViewCell.swift */; };
		E8EC4230256F0658003C6D51 /* RetailService.swift in Sources */ = {isa = PBXBuildFile; fileRef = E8EC422F256F0658003C6D51 /* RetailService.swift */; };
		F10CF0EEF87787D336766D53 /* Pods_DexCareSDK_iOS_SampleApp.framework in Frameworks */ = {isa = PBXBuildFile; fileRef = E7D8180F0AF9DEBAAB4629C9 /* Pods_DexCareSDK_iOS_SampleApp.framework */; };
/* End PBXBuildFile section */

/* Begin PBXFileReference section */
		2625E9058B299992E538565E /* Pods-DexCareSDK.iOS.SampleApp.release.xcconfig */ = {isa = PBXFileReference; includeInIndex = 1; lastKnownFileType = text.xcconfig; name = "Pods-DexCareSDK.iOS.SampleApp.release.xcconfig"; path = "Target Support Files/Pods-DexCareSDK.iOS.SampleApp/Pods-DexCareSDK.iOS.SampleApp.release.xcconfig"; sourceTree = "<group>"; };
		6FC4597FF9137690A32EE581 /* Pods-DexCareSDK.iOS.SampleApp.debug.xcconfig */ = {isa = PBXFileReference; includeInIndex = 1; lastKnownFileType = text.xcconfig; name = "Pods-DexCareSDK.iOS.SampleApp.debug.xcconfig"; path = "Target Support Files/Pods-DexCareSDK.iOS.SampleApp/Pods-DexCareSDK.iOS.SampleApp.debug.xcconfig"; sourceTree = "<group>"; };
		E7D8180F0AF9DEBAAB4629C9 /* Pods_DexCareSDK_iOS_SampleApp.framework */ = {isa = PBXFileReference; explicitFileType = wrapper.framework; includeInIndex = 0; path = Pods_DexCareSDK_iOS_SampleApp.framework; sourceTree = BUILT_PRODUCTS_DIR; };
		E8054B992538940400BB52DA /* DexCareSDK.iOS.SampleApp.app */ = {isa = PBXFileReference; explicitFileType = wrapper.application; includeInIndex = 0; path = DexCareSDK.iOS.SampleApp.app; sourceTree = BUILT_PRODUCTS_DIR; };
		E8054B9C2538940400BB52DA /* AppDelegate.swift */ = {isa = PBXFileReference; lastKnownFileType = sourcecode.swift; path = AppDelegate.swift; sourceTree = "<group>"; };
		E8054B9E2538940400BB52DA /* SceneDelegate.swift */ = {isa = PBXFileReference; lastKnownFileType = sourcecode.swift; path = SceneDelegate.swift; sourceTree = "<group>"; };
		E8054BA02538940400BB52DA /* DashboardViewController.swift */ = {isa = PBXFileReference; lastKnownFileType = sourcecode.swift; path = DashboardViewController.swift; sourceTree = "<group>"; };
		E8054BA32538940400BB52DA /* Base */ = {isa = PBXFileReference; lastKnownFileType = file.storyboard; name = Base; path = Base.lproj/Main.storyboard; sourceTree = "<group>"; };
		E8054BA52538940700BB52DA /* Assets.xcassets */ = {isa = PBXFileReference; lastKnownFileType = folder.assetcatalog; path = Assets.xcassets; sourceTree = "<group>"; };
		E8054BA82538940700BB52DA /* Base */ = {isa = PBXFileReference; lastKnownFileType = file.storyboard; name = Base; path = Base.lproj/LaunchScreen.storyboard; sourceTree = "<group>"; };
		E8054BAA2538940700BB52DA /* Info.plist */ = {isa = PBXFileReference; lastKnownFileType = text.plist.xml; path = Info.plist; sourceTree = "<group>"; };
		E8054BB12538AACB00BB52DA /* Configuration.swift */ = {isa = PBXFileReference; lastKnownFileType = sourcecode.swift; path = Configuration.swift; sourceTree = "<group>"; };
		E8054BB32538ACB900BB52DA /* acme.plist */ = {isa = PBXFileReference; lastKnownFileType = text.plist.xml; path = acme.plist; sourceTree = "<group>"; };
		E8054BB62538DEFF00BB52DA /* ConsoleLogger.swift */ = {isa = PBXFileReference; lastKnownFileType = sourcecode.swift; path = ConsoleLogger.swift; sourceTree = "<group>"; };
		E8054BB92538E42100BB52DA /* AppServices.swift */ = {isa = PBXFileReference; lastKnownFileType = sourcecode.swift; path = AppServices.swift; sourceTree = "<group>"; };
		E8054BBE2539E7D900BB52DA /* VirtualRegionCollectionViewCell.swift */ = {isa = PBXFileReference; lastKnownFileType = sourcecode.swift; path = VirtualRegionCollectionViewCell.swift; sourceTree = "<group>"; };
		E8054BC12539E86800BB52DA /* ReusableView.swift */ = {isa = PBXFileReference; lastKnownFileType = sourcecode.swift; path = ReusableView.swift; sourceTree = "<group>"; };
		E8054BC32539EADC00BB52DA /* VirtualRegionCollectionViewCell.xib */ = {isa = PBXFileReference; lastKnownFileType = file.xib; path = VirtualRegionCollectionViewCell.xib; sourceTree = "<group>"; };
		E8054BC52539FBB900BB52DA /* Collection.swift */ = {isa = PBXFileReference; lastKnownFileType = sourcecode.swift; path = Collection.swift; sourceTree = "<group>"; };
		E8054BC7253A013600BB52DA /* DashboardHeaderReusableView.swift */ = {isa = PBXFileReference; lastKnownFileType = sourcecode.swift; path = DashboardHeaderReusableView.swift; sourceTree = "<group>"; };
		E8054BCA253DD1A000BB52DA /* DemographicsViewController.swift */ = {isa = PBXFileReference; lastKnownFileType = sourcecode.swift; path = DemographicsViewController.swift; sourceTree = "<group>"; };
		E8054BD1253DD38A00BB52DA /* Demographics.storyboard */ = {isa = PBXFileReference; lastKnownFileType = file.storyboard; path = Demographics.storyboard; sourceTree = "<group>"; };
		E8054BD5253DDB5300BB52DA /* InputView.swift */ = {isa = PBXFileReference; lastKnownFileType = sourcecode.swift; path = InputView.swift; sourceTree = "<group>"; };
		E8054BD7253DDD8D00BB52DA /* ValidationResult.swift */ = {isa = PBXFileReference; lastKnownFileType = sourcecode.swift; path = ValidationResult.swift; sourceTree = "<group>"; };
		E8054BD9253DE61F00BB52DA /* UnitedStatesISO3166SubdivisionsValidator.swift */ = {isa = PBXFileReference; lastKnownFileType = sourcecode.swift; path = UnitedStatesISO3166SubdivisionsValidator.swift; sourceTree = "<group>"; };
		E8054BDB253DE89C00BB52DA /* OptionPicker.swift */ = {isa = PBXFileReference; lastKnownFileType = sourcecode.swift; path = OptionPicker.swift; sourceTree = "<group>"; };
		E8054BDD253DE8DC00BB52DA /* PickerMapper.swift */ = {isa = PBXFileReference; lastKnownFileType = sourcecode.swift; path = PickerMapper.swift; sourceTree = "<group>"; };
		E8054BDF253DE92300BB52DA /* DatePicker.swift */ = {isa = PBXFileReference; lastKnownFileType = sourcecode.swift; path = DatePicker.swift; sourceTree = "<group>"; };
		E8054BE1253E240500BB52DA /* Validation.swift */ = {isa = PBXFileReference; lastKnownFileType = sourcecode.swift; path = Validation.swift; sourceTree = "<group>"; };
		E8054BE3253E88AA00BB52DA /* PhoneFormatter.swift */ = {isa = PBXFileReference; lastKnownFileType = sourcecode.swift; path = PhoneFormatter.swift; sourceTree = "<group>"; };
		E8054BE5253E8DBE00BB52DA /* Validation.strings */ = {isa = PBXFileReference; lastKnownFileType = text.plist.strings; path = Validation.strings; sourceTree = "<group>"; };
		E8054BE7253F1D8900BB52DA /* VirtualService.swift */ = {isa = PBXFileReference; lastKnownFileType = sourcecode.swift; path = VirtualService.swift; sourceTree = "<group>"; };
		E8054BEA253F212900BB52DA /* ReasonForVisitViewController.swift */ = {isa = PBXFileReference; lastKnownFileType = sourcecode.swift; path = ReasonForVisitViewController.swift; sourceTree = "<group>"; };
		E8054BEC253F214A00BB52DA /* ReasonForVisit.storyboard */ = {isa = PBXFileReference; lastKnownFileType = file.storyboard; path = ReasonForVisit.storyboard; sourceTree = "<group>"; };
		E8054BEE253F22D200BB52DA /* BaseViewController.swift */ = {isa = PBXFileReference; lastKnownFileType = sourcecode.swift; path = BaseViewController.swift; sourceTree = "<group>"; };
		E8054BF1253F2C9300BB52DA /* SummaryViewController.swift */ = {isa = PBXFileReference; lastKnownFileType = sourcecode.swift; path = SummaryViewController.swift; sourceTree = "<group>"; };
		E8054BF3253F31DE00BB52DA /* Summary.storyboard */ = {isa = PBXFileReference; lastKnownFileType = file.storyboard; path = Summary.storyboard; sourceTree = "<group>"; };
		E8066B4025FFAE7200D8E43A /* DexcareSDK.xcframework */ = {isa = PBXFileReference; lastKnownFileType = wrapper.xcframework; name = DexcareSDK.xcframework; path = ../DexcareSDK.iOS/xcframework/DexcareSDK.xcframework; sourceTree = "<group>"; };
		E8066B5825FFB3F700D8E43A /* DexcareiOSSDK.xcframework */ = {isa = PBXFileReference; lastKnownFileType = wrapper.xcframework; name = DexcareiOSSDK.xcframework; path = ../DexcareSDK.iOS/xcframework/DexcareiOSSDK.xcframework; sourceTree = "<group>"; };
		E8301F48257010F1004A6209 /* RetailClinicCollectionViewCell.swift */ = {isa = PBXFileReference; lastKnownFileType = sourcecode.swift; path = RetailClinicCollectionViewCell.swift; sourceTree = "<group>"; };
		E8301F4A25701121004A6209 /* RetailClinicCollectionViewCell.xib */ = {isa = PBXFileReference; lastKnownFileType = file.xib; path = RetailClinicCollectionViewCell.xib; sourceTree = "<group>"; };
		E864371A25CDA1F700C0FFD1 /* KeychainLoginStore.swift */ = {isa = PBXFileReference; lastKnownFileType = sourcecode.swift; path = KeychainLoginStore.swift; sourceTree = "<group>"; };
		E87B6005264C192400E9B6D6 /* waitingRoomCustom.mp4 */ = {isa = PBXFileReference; lastKnownFileType = file; path = waitingRoomCustom.mp4; sourceTree = "<group>"; };
		E89C19BA25CDB05C0001C6CD /* BiometricsService.swift */ = {isa = PBXFileReference; lastKnownFileType = sourcecode.swift; path = BiometricsService.swift; sourceTree = "<group>"; };
		E89C99E225CC9614009B7BAC /* Auth0Manager.swift */ = {isa = PBXFileReference; lastKnownFileType = sourcecode.swift; path = Auth0Manager.swift; sourceTree = "<group>"; };
		E8A8C9FA258A947100644C91 /* RetailVisitConnectionViewCell.swift */ = {isa = PBXFileReference; lastKnownFileType = sourcecode.swift; path = RetailVisitConnectionViewCell.swift; sourceTree = "<group>"; };
		E8A8C9FC258A94F400644C91 /* RetailVisitCollectionViewCell.xib */ = {isa = PBXFileReference; lastKnownFileType = file.xib; path = RetailVisitCollectionViewCell.xib; sourceTree = "<group>"; };
		E8C4DDF626053EC10046E626 /* ViewController+.swift */ = {isa = PBXFileReference; lastKnownFileType = sourcecode.swift; path = "ViewController+.swift"; sourceTree = "<group>"; };
		E8E43CD5263C928C000D43BB /* AVFoundation.framework */ = {isa = PBXFileReference; lastKnownFileType = wrapper.framework; name = AVFoundation.framework; path = System/Library/Frameworks/AVFoundation.framework; sourceTree = SDKROOT; };
		E8EC422D256EC6A3003C6D51 /* TimeslotCollectionViewCell.swift */ = {isa = PBXFileReference; lastKnownFileType = sourcecode.swift; path = TimeslotCollectionViewCell.swift; sourceTree = "<group>"; };
		E8EC422F256F0658003C6D51 /* RetailService.swift */ = {isa = PBXFileReference; lastKnownFileType = sourcecode.swift; path = RetailService.swift; sourceTree = "<group>"; };
		E8FF6EBA2630CBAD00D5AE84 /* DexCareSDK.iOS.SampleApp.entitlements */ = {isa = PBXFileReference; lastKnownFileType = text.plist.entitlements; path = DexCareSDK.iOS.SampleApp.entitlements; sourceTree = "<group>"; };
/* End PBXFileReference section */

/* Begin PBXFrameworksBuildPhase section */
		E8054B962538940400BB52DA /* Frameworks */ = {
			isa = PBXFrameworksBuildPhase;
			buildActionMask = 2147483647;
			files = (
				F10CF0EEF87787D336766D53 /* Pods_DexCareSDK_iOS_SampleApp.framework in Frameworks */,
			);
			runOnlyForDeploymentPostprocessing = 0;
		};
/* End PBXFrameworksBuildPhase section */

/* Begin PBXGroup section */
		83374C1FAD4C1C802B3C6ACC /* Pods */ = {
			isa = PBXGroup;
			children = (
				6FC4597FF9137690A32EE581 /* Pods-DexCareSDK.iOS.SampleApp.debug.xcconfig */,
				2625E9058B299992E538565E /* Pods-DexCareSDK.iOS.SampleApp.release.xcconfig */,
			);
			path = Pods;
			sourceTree = "<group>";
		};
		C07C392CE8E4F6054C41750B /* Frameworks */ = {
			isa = PBXGroup;
			children = (
				E8E43CD5263C928C000D43BB /* AVFoundation.framework */,
				E8066B5825FFB3F700D8E43A /* DexcareiOSSDK.xcframework */,
				E8066B4025FFAE7200D8E43A /* DexcareSDK.xcframework */,
				E7D8180F0AF9DEBAAB4629C9 /* Pods_DexCareSDK_iOS_SampleApp.framework */,
			);
			name = Frameworks;
			sourceTree = "<group>";
		};
		E8054B902538940300BB52DA = {
			isa = PBXGroup;
			children = (
				E8054B9B2538940400BB52DA /* DexCareSDK.iOS.SampleApp */,
				E8054B9A2538940400BB52DA /* Products */,
				83374C1FAD4C1C802B3C6ACC /* Pods */,
				C07C392CE8E4F6054C41750B /* Frameworks */,
			);
			sourceTree = "<group>";
		};
		E8054B9A2538940400BB52DA /* Products */ = {
			isa = PBXGroup;
			children = (
				E8054B992538940400BB52DA /* DexCareSDK.iOS.SampleApp.app */,
			);
			name = Products;
			sourceTree = "<group>";
		};
		E8054B9B2538940400BB52DA /* DexCareSDK.iOS.SampleApp */ = {
			isa = PBXGroup;
			children = (
				E8FF6EBA2630CBAD00D5AE84 /* DexCareSDK.iOS.SampleApp.entitlements */,
				E8054BF0253F2C8600BB52DA /* Summary */,
				E8054BE9253F211900BB52DA /* ReasonForVisit */,
				E8054BCC253DD27800BB52DA /* Validation */,
				E8054BC9253DD19300BB52DA /* Demographics */,
				E8054BC02539E84F00BB52DA /* Extensions */,
				E8054BBD2539E7C400BB52DA /* CollectionView */,
				E8054BB82538E41200BB52DA /* Services */,
				E8054BB52538DEF200BB52DA /* Logger */,
				E8054BB02538AAA600BB52DA /* Config */,
				E8054B9C2538940400BB52DA /* AppDelegate.swift */,
				E8054B9E2538940400BB52DA /* SceneDelegate.swift */,
				E8054BA02538940400BB52DA /* DashboardViewController.swift */,
				E8054BA22538940400BB52DA /* Main.storyboard */,
				E8054BE5253E8DBE00BB52DA /* Validation.strings */,
				E8054BA52538940700BB52DA /* Assets.xcassets */,
				E8054BA72538940700BB52DA /* LaunchScreen.storyboard */,
				E87B6005264C192400E9B6D6 /* waitingRoomCustom.mp4 */,
				E8054BAA2538940700BB52DA /* Info.plist */,
				E8054BEE253F22D200BB52DA /* BaseViewController.swift */,
			);
			path = DexCareSDK.iOS.SampleApp;
			sourceTree = "<group>";
		};
		E8054BB02538AAA600BB52DA /* Config */ = {
			isa = PBXGroup;
			children = (
				E8054BB12538AACB00BB52DA /* Configuration.swift */,
				E8054BB32538ACB900BB52DA /* acme.plist */,
			);
			path = Config;
			sourceTree = "<group>";
		};
		E8054BB52538DEF200BB52DA /* Logger */ = {
			isa = PBXGroup;
			children = (
				E8054BB62538DEFF00BB52DA /* ConsoleLogger.swift */,
			);
			path = Logger;
			sourceTree = "<group>";
		};
		E8054BB82538E41200BB52DA /* Services */ = {
			isa = PBXGroup;
			children = (
				E8054BB92538E42100BB52DA /* AppServices.swift */,
				E8054BE7253F1D8900BB52DA /* VirtualService.swift */,
				E8EC422F256F0658003C6D51 /* RetailService.swift */,
				E89C99E225CC9614009B7BAC /* Auth0Manager.swift */,
				E864371A25CDA1F700C0FFD1 /* KeychainLoginStore.swift */,
				E89C19BA25CDB05C0001C6CD /* BiometricsService.swift */,
			);
			path = Services;
			sourceTree = "<group>";
		};
		E8054BBD2539E7C400BB52DA /* CollectionView */ = {
			isa = PBXGroup;
			children = (
				E8A8C9F9258A946000644C91 /* RetailVisit */,
				E8301F4D257011AC004A6209 /* Retail */,
				E8301F4C257011A3004A6209 /* Virtual */,
				E8054BC7253A013600BB52DA /* DashboardHeaderReusableView.swift */,
			);
			path = CollectionView;
			sourceTree = "<group>";
		};
		E8054BC02539E84F00BB52DA /* Extensions */ = {
			isa = PBXGroup;
			children = (
				E8054BC12539E86800BB52DA /* ReusableView.swift */,
				E8054BC52539FBB900BB52DA /* Collection.swift */,
				E8C4DDF626053EC10046E626 /* ViewController+.swift */,
			);
			path = Extensions;
			sourceTree = "<group>";
		};
		E8054BC9253DD19300BB52DA /* Demographics */ = {
			isa = PBXGroup;
			children = (
				E8054BCA253DD1A000BB52DA /* DemographicsViewController.swift */,
				E8054BD1253DD38A00BB52DA /* Demographics.storyboard */,
			);
			path = Demographics;
			sourceTree = "<group>";
		};
		E8054BCC253DD27800BB52DA /* Validation */ = {
			isa = PBXGroup;
			children = (
				E8054BD5253DDB5300BB52DA /* InputView.swift */,
				E8054BE3253E88AA00BB52DA /* PhoneFormatter.swift */,
				E8054BDB253DE89C00BB52DA /* OptionPicker.swift */,
				E8054BDF253DE92300BB52DA /* DatePicker.swift */,
				E8054BDD253DE8DC00BB52DA /* PickerMapper.swift */,
				E8054BD9253DE61F00BB52DA /* UnitedStatesISO3166SubdivisionsValidator.swift */,
				E8054BD7253DDD8D00BB52DA /* ValidationResult.swift */,
				E8054BE1253E240500BB52DA /* Validation.swift */,
			);
			path = Validation;
			sourceTree = "<group>";
		};
		E8054BE9253F211900BB52DA /* ReasonForVisit */ = {
			isa = PBXGroup;
			children = (
				E8054BEA253F212900BB52DA /* ReasonForVisitViewController.swift */,
				E8054BEC253F214A00BB52DA /* ReasonForVisit.storyboard */,
			);
			path = ReasonForVisit;
			sourceTree = "<group>";
		};
		E8054BF0253F2C8600BB52DA /* Summary */ = {
			isa = PBXGroup;
			children = (
				E8054BF1253F2C9300BB52DA /* SummaryViewController.swift */,
				E8054BF3253F31DE00BB52DA /* Summary.storyboard */,
			);
			path = Summary;
			sourceTree = "<group>";
		};
		E8301F4C257011A3004A6209 /* Virtual */ = {
			isa = PBXGroup;
			children = (
				E8054BBE2539E7D900BB52DA /* VirtualRegionCollectionViewCell.swift */,
				E8054BC32539EADC00BB52DA /* VirtualRegionCollectionViewCell.xib */,
			);
			path = Virtual;
			sourceTree = "<group>";
		};
		E8301F4D257011AC004A6209 /* Retail */ = {
			isa = PBXGroup;
			children = (
				E8301F4A25701121004A6209 /* RetailClinicCollectionViewCell.xib */,
				E8301F48257010F1004A6209 /* RetailClinicCollectionViewCell.swift */,
				E8EC422D256EC6A3003C6D51 /* TimeslotCollectionViewCell.swift */,
			);
			path = Retail;
			sourceTree = "<group>";
		};
		E8A8C9F9258A946000644C91 /* RetailVisit */ = {
			isa = PBXGroup;
			children = (
				E8A8C9FA258A947100644C91 /* RetailVisitConnectionViewCell.swift */,
				E8A8C9FC258A94F400644C91 /* RetailVisitCollectionViewCell.xib */,
			);
			path = RetailVisit;
			sourceTree = "<group>";
		};
/* End PBXGroup section */

/* Begin PBXNativeTarget section */
		E8054B982538940400BB52DA /* DexCareSDK.iOS.SampleApp */ = {
			isa = PBXNativeTarget;
			buildConfigurationList = E8054BAD2538940700BB52DA /* Build configuration list for PBXNativeTarget "DexCareSDK.iOS.SampleApp" */;
			buildPhases = (
				E3687B710F4873F6B3CEBD3B /* [CP] Check Pods Manifest.lock */,
				E8054B952538940400BB52DA /* Sources */,
				E8054B962538940400BB52DA /* Frameworks */,
				E8054B972538940400BB52DA /* Resources */,
				F06988E0DCD6E5432C5D1D7B /* [CP] Embed Pods Frameworks */,
			);
			buildRules = (
			);
			dependencies = (
			);
			name = DexCareSDK.iOS.SampleApp;
			productName = DexCareSDK.iOS.SampleApp;
			productReference = E8054B992538940400BB52DA /* DexCareSDK.iOS.SampleApp.app */;
			productType = "com.apple.product-type.application";
		};
/* End PBXNativeTarget section */

/* Begin PBXProject section */
		E8054B912538940300BB52DA /* Project object */ = {
			isa = PBXProject;
			attributes = {
				LastSwiftUpdateCheck = 1130;
				LastUpgradeCheck = 1130;
				ORGANIZATIONNAME = DexCare;
				TargetAttributes = {
					E8054B982538940400BB52DA = {
						CreatedOnToolsVersion = 11.3.1;
					};
				};
			};
			buildConfigurationList = E8054B942538940300BB52DA /* Build configuration list for PBXProject "DexCareSDK.iOS.SampleApp" */;
			compatibilityVersion = "Xcode 9.3";
			developmentRegion = en;
			hasScannedForEncodings = 0;
			knownRegions = (
				en,
				Base,
			);
			mainGroup = E8054B902538940300BB52DA;
			productRefGroup = E8054B9A2538940400BB52DA /* Products */;
			projectDirPath = "";
			projectRoot = "";
			targets = (
				E8054B982538940400BB52DA /* DexCareSDK.iOS.SampleApp */,
			);
		};
/* End PBXProject section */

/* Begin PBXResourcesBuildPhase section */
		E8054B972538940400BB52DA /* Resources */ = {
			isa = PBXResourcesBuildPhase;
			buildActionMask = 2147483647;
			files = (
				E8054BA92538940700BB52DA /* LaunchScreen.storyboard in Resources */,
				E8054BA62538940700BB52DA /* Assets.xcassets in Resources */,
				E8054BE6253E8DBE00BB52DA /* Validation.strings in Resources */,
				E8301F4B25701121004A6209 /* RetailClinicCollectionViewCell.xib in Resources */,
				E8054BD2253DD38A00BB52DA /* Demographics.storyboard in Resources */,
				E8A8C9FD258A94F400644C91 /* RetailVisitCollectionViewCell.xib in Resources */,
				E8054BB42538ACB900BB52DA /* acme.plist in Resources */,
				E8054BC42539EADC00BB52DA /* VirtualRegionCollectionViewCell.xib in Resources */,
				E8054BED253F214A00BB52DA /* ReasonForVisit.storyboard in Resources */,
				E8054BF4253F31DE00BB52DA /* Summary.storyboard in Resources */,
				E8054BA42538940400BB52DA /* Main.storyboard in Resources */,
			);
			runOnlyForDeploymentPostprocessing = 0;
		};
/* End PBXResourcesBuildPhase section */

/* Begin PBXShellScriptBuildPhase section */
		E3687B710F4873F6B3CEBD3B /* [CP] Check Pods Manifest.lock */ = {
			isa = PBXShellScriptBuildPhase;
			buildActionMask = 2147483647;
			files = (
			);
			inputFileListPaths = (
			);
			inputPaths = (
				"${PODS_PODFILE_DIR_PATH}/Podfile.lock",
				"${PODS_ROOT}/Manifest.lock",
			);
			name = "[CP] Check Pods Manifest.lock";
			outputFileListPaths = (
			);
			outputPaths = (
				"$(DERIVED_FILE_DIR)/Pods-DexCareSDK.iOS.SampleApp-checkManifestLockResult.txt",
			);
			runOnlyForDeploymentPostprocessing = 0;
			shellPath = /bin/sh;
			shellScript = "diff \"${PODS_PODFILE_DIR_PATH}/Podfile.lock\" \"${PODS_ROOT}/Manifest.lock\" > /dev/null\nif [ $? != 0 ] ; then\n    # print error to STDERR\n    echo \"error: The sandbox is not in sync with the Podfile.lock. Run 'pod install' or update your CocoaPods installation.\" >&2\n    exit 1\nfi\n# This output is used by Xcode 'outputs' to avoid re-running this script phase.\necho \"SUCCESS\" > \"${SCRIPT_OUTPUT_FILE_0}\"\n";
			showEnvVarsInLog = 0;
		};
		F06988E0DCD6E5432C5D1D7B /* [CP] Embed Pods Frameworks */ = {
			isa = PBXShellScriptBuildPhase;
			buildActionMask = 2147483647;
			files = (
			);
			inputFileListPaths = (
				"${PODS_ROOT}/Target Support Files/Pods-DexCareSDK.iOS.SampleApp/Pods-DexCareSDK.iOS.SampleApp-frameworks-${CONFIGURATION}-input-files.xcfilelist",
			);
			name = "[CP] Embed Pods Frameworks";
			outputFileListPaths = (
				"${PODS_ROOT}/Target Support Files/Pods-DexCareSDK.iOS.SampleApp/Pods-DexCareSDK.iOS.SampleApp-frameworks-${CONFIGURATION}-output-files.xcfilelist",
			);
			runOnlyForDeploymentPostprocessing = 0;
			shellPath = /bin/sh;
			shellScript = "\"${PODS_ROOT}/Target Support Files/Pods-DexCareSDK.iOS.SampleApp/Pods-DexCareSDK.iOS.SampleApp-frameworks.sh\"\n";
			showEnvVarsInLog = 0;
		};
/* End PBXShellScriptBuildPhase section */

/* Begin PBXSourcesBuildPhase section */
		E8054B952538940400BB52DA /* Sources */ = {
			isa = PBXSourcesBuildPhase;
			buildActionMask = 2147483647;
			files = (
				E864371B25CDA1F700C0FFD1 /* KeychainLoginStore.swift in Sources */,
				E8054BDE253DE8DC00BB52DA /* PickerMapper.swift in Sources */,
				E8054BE0253DE92300BB52DA /* DatePicker.swift in Sources */,
				E89C99E325CC9614009B7BAC /* Auth0Manager.swift in Sources */,
				E8054BC62539FBB900BB52DA /* Collection.swift in Sources */,
				E8EC4230256F0658003C6D51 /* RetailService.swift in Sources */,
				E8054BDA253DE61F00BB52DA /* UnitedStatesISO3166SubdivisionsValidator.swift in Sources */,
				E8054BE2253E240500BB52DA /* Validation.swift in Sources */,
				E8054BD8253DDD8D00BB52DA /* ValidationResult.swift in Sources */,
				E8EC422E256EC6A3003C6D51 /* TimeslotCollectionViewCell.swift in Sources */,
				E8054BA12538940400BB52DA /* DashboardViewController.swift in Sources */,
				E8054B9D2538940400BB52DA /* AppDelegate.swift in Sources */,
				E8054BEB253F212900BB52DA /* ReasonForVisitViewController.swift in Sources */,
				E8A8C9FB258A947100644C91 /* RetailVisitConnectionViewCell.swift in Sources */,
				E8054BB22538AACB00BB52DA /* Configuration.swift in Sources */,
				E8054BC22539E86800BB52DA /* ReusableView.swift in Sources */,
				E8054BE4253E88AA00BB52DA /* PhoneFormatter.swift in Sources */,
				E8054BBA2538E42100BB52DA /* AppServices.swift in Sources */,
				E8301F49257010F1004A6209 /* RetailClinicCollectionViewCell.swift in Sources */,
				E8054BEF253F22D200BB52DA /* BaseViewController.swift in Sources */,
				E8054BB72538DEFF00BB52DA /* ConsoleLogger.swift in Sources */,
				E8054BCB253DD1A000BB52DA /* DemographicsViewController.swift in Sources */,
				E8054BBF2539E7D900BB52DA /* VirtualRegionCollectionViewCell.swift in Sources */,
				E8C4DDF726053EC10046E626 /* ViewController+.swift in Sources */,
				E8054BE8253F1D8900BB52DA /* VirtualService.swift in Sources */,
				E8054BD6253DDB5300BB52DA /* InputView.swift in Sources */,
				E8054BDC253DE89C00BB52DA /* OptionPicker.swift in Sources */,
				E89C19BB25CDB05C0001C6CD /* BiometricsService.swift in Sources */,
				E8054BF2253F2C9300BB52DA /* SummaryViewController.swift in Sources */,
				E8054B9F2538940400BB52DA /* SceneDelegate.swift in Sources */,
				E8054BC8253A013600BB52DA /* DashboardHeaderReusableView.swift in Sources */,
			);
			runOnlyForDeploymentPostprocessing = 0;
		};
/* End PBXSourcesBuildPhase section */

/* Begin PBXVariantGroup section */
		E8054BA22538940400BB52DA /* Main.storyboard */ = {
			isa = PBXVariantGroup;
			children = (
				E8054BA32538940400BB52DA /* Base */,
			);
			name = Main.storyboard;
			sourceTree = "<group>";
		};
		E8054BA72538940700BB52DA /* LaunchScreen.storyboard */ = {
			isa = PBXVariantGroup;
			children = (
				E8054BA82538940700BB52DA /* Base */,
			);
			name = LaunchScreen.storyboard;
			sourceTree = "<group>";
		};
/* End PBXVariantGroup section */

/* Begin XCBuildConfiguration section */
		E8054BAB2538940700BB52DA /* Debug */ = {
			isa = XCBuildConfiguration;
			buildSettings = {
				ALWAYS_SEARCH_USER_PATHS = NO;
				CLANG_ANALYZER_NONNULL = YES;
				CLANG_ANALYZER_NUMBER_OBJECT_CONVERSION = YES_AGGRESSIVE;
				CLANG_CXX_LANGUAGE_STANDARD = "gnu++14";
				CLANG_CXX_LIBRARY = "libc++";
				CLANG_ENABLE_MODULES = YES;
				CLANG_ENABLE_OBJC_ARC = YES;
				CLANG_ENABLE_OBJC_WEAK = YES;
				CLANG_WARN_BLOCK_CAPTURE_AUTORELEASING = YES;
				CLANG_WARN_BOOL_CONVERSION = YES;
				CLANG_WARN_COMMA = YES;
				CLANG_WARN_CONSTANT_CONVERSION = YES;
				CLANG_WARN_DEPRECATED_OBJC_IMPLEMENTATIONS = YES;
				CLANG_WARN_DIRECT_OBJC_ISA_USAGE = YES_ERROR;
				CLANG_WARN_DOCUMENTATION_COMMENTS = YES;
				CLANG_WARN_EMPTY_BODY = YES;
				CLANG_WARN_ENUM_CONVERSION = YES;
				CLANG_WARN_INFINITE_RECURSION = YES;
				CLANG_WARN_INT_CONVERSION = YES;
				CLANG_WARN_NON_LITERAL_NULL_CONVERSION = YES;
				CLANG_WARN_OBJC_IMPLICIT_RETAIN_SELF = YES;
				CLANG_WARN_OBJC_LITERAL_CONVERSION = YES;
				CLANG_WARN_OBJC_ROOT_CLASS = YES_ERROR;
				CLANG_WARN_RANGE_LOOP_ANALYSIS = YES;
				CLANG_WARN_STRICT_PROTOTYPES = YES;
				CLANG_WARN_SUSPICIOUS_MOVE = YES;
				CLANG_WARN_UNGUARDED_AVAILABILITY = YES_AGGRESSIVE;
				CLANG_WARN_UNREACHABLE_CODE = YES;
				CLANG_WARN__DUPLICATE_METHOD_MATCH = YES;
				COPY_PHASE_STRIP = NO;
				DEBUG_INFORMATION_FORMAT = dwarf;
				ENABLE_STRICT_OBJC_MSGSEND = YES;
				ENABLE_TESTABILITY = YES;
				GCC_C_LANGUAGE_STANDARD = gnu11;
				GCC_DYNAMIC_NO_PIC = NO;
				GCC_NO_COMMON_BLOCKS = YES;
				GCC_OPTIMIZATION_LEVEL = 0;
				GCC_PREPROCESSOR_DEFINITIONS = (
					"DEBUG=1",
					"$(inherited)",
				);
				GCC_WARN_64_TO_32_BIT_CONVERSION = YES;
				GCC_WARN_ABOUT_RETURN_TYPE = YES_ERROR;
				GCC_WARN_UNDECLARED_SELECTOR = YES;
				GCC_WARN_UNINITIALIZED_AUTOS = YES_AGGRESSIVE;
				GCC_WARN_UNUSED_FUNCTION = YES;
				GCC_WARN_UNUSED_VARIABLE = YES;
				IPHONEOS_DEPLOYMENT_TARGET = 13.2;
				MTL_ENABLE_DEBUG_INFO = INCLUDE_SOURCE;
				MTL_FAST_MATH = YES;
				ONLY_ACTIVE_ARCH = YES;
				SDKROOT = iphoneos;
				SWIFT_ACTIVE_COMPILATION_CONDITIONS = DEBUG;
				SWIFT_OPTIMIZATION_LEVEL = "-Onone";
			};
			name = Debug;
		};
		E8054BAC2538940700BB52DA /* Release */ = {
			isa = XCBuildConfiguration;
			buildSettings = {
				ALWAYS_SEARCH_USER_PATHS = NO;
				CLANG_ANALYZER_NONNULL = YES;
				CLANG_ANALYZER_NUMBER_OBJECT_CONVERSION = YES_AGGRESSIVE;
				CLANG_CXX_LANGUAGE_STANDARD = "gnu++14";
				CLANG_CXX_LIBRARY = "libc++";
				CLANG_ENABLE_MODULES = YES;
				CLANG_ENABLE_OBJC_ARC = YES;
				CLANG_ENABLE_OBJC_WEAK = YES;
				CLANG_WARN_BLOCK_CAPTURE_AUTORELEASING = YES;
				CLANG_WARN_BOOL_CONVERSION = YES;
				CLANG_WARN_COMMA = YES;
				CLANG_WARN_CONSTANT_CONVERSION = YES;
				CLANG_WARN_DEPRECATED_OBJC_IMPLEMENTATIONS = YES;
				CLANG_WARN_DIRECT_OBJC_ISA_USAGE = YES_ERROR;
				CLANG_WARN_DOCUMENTATION_COMMENTS = YES;
				CLANG_WARN_EMPTY_BODY = YES;
				CLANG_WARN_ENUM_CONVERSION = YES;
				CLANG_WARN_INFINITE_RECURSION = YES;
				CLANG_WARN_INT_CONVERSION = YES;
				CLANG_WARN_NON_LITERAL_NULL_CONVERSION = YES;
				CLANG_WARN_OBJC_IMPLICIT_RETAIN_SELF = YES;
				CLANG_WARN_OBJC_LITERAL_CONVERSION = YES;
				CLANG_WARN_OBJC_ROOT_CLASS = YES_ERROR;
				CLANG_WARN_RANGE_LOOP_ANALYSIS = YES;
				CLANG_WARN_STRICT_PROTOTYPES = YES;
				CLANG_WARN_SUSPICIOUS_MOVE = YES;
				CLANG_WARN_UNGUARDED_AVAILABILITY = YES_AGGRESSIVE;
				CLANG_WARN_UNREACHABLE_CODE = YES;
				CLANG_WARN__DUPLICATE_METHOD_MATCH = YES;
				COPY_PHASE_STRIP = NO;
				DEBUG_INFORMATION_FORMAT = "dwarf-with-dsym";
				ENABLE_NS_ASSERTIONS = NO;
				ENABLE_STRICT_OBJC_MSGSEND = YES;
				GCC_C_LANGUAGE_STANDARD = gnu11;
				GCC_NO_COMMON_BLOCKS = YES;
				GCC_WARN_64_TO_32_BIT_CONVERSION = YES;
				GCC_WARN_ABOUT_RETURN_TYPE = YES_ERROR;
				GCC_WARN_UNDECLARED_SELECTOR = YES;
				GCC_WARN_UNINITIALIZED_AUTOS = YES_AGGRESSIVE;
				GCC_WARN_UNUSED_FUNCTION = YES;
				GCC_WARN_UNUSED_VARIABLE = YES;
				IPHONEOS_DEPLOYMENT_TARGET = 13.2;
				MTL_ENABLE_DEBUG_INFO = NO;
				MTL_FAST_MATH = YES;
				SDKROOT = iphoneos;
				SWIFT_COMPILATION_MODE = wholemodule;
				SWIFT_OPTIMIZATION_LEVEL = "-O";
				VALIDATE_PRODUCT = YES;
			};
			name = Release;
		};
		E8054BAE2538940700BB52DA /* Debug */ = {
			isa = XCBuildConfiguration;
			baseConfigurationReference = 6FC4597FF9137690A32EE581 /* Pods-DexCareSDK.iOS.SampleApp.debug.xcconfig */;
			buildSettings = {
				ASSETCATALOG_COMPILER_APPICON_NAME = AppIcon;
				CODE_SIGN_ENTITLEMENTS = DexCareSDK.iOS.SampleApp/DexCareSDK.iOS.SampleApp.entitlements;
				CODE_SIGN_IDENTITY = "iPhone Distribution";
				CODE_SIGN_STYLE = Manual;
				CURRENT_PROJECT_VERSION = 7;
				DEVELOPMENT_TEAM = ZU6GR6B2FY;
				ENABLE_BITCODE = NO;
				INFOPLIST_FILE = DexCareSDK.iOS.SampleApp/Info.plist;
				IPHONEOS_DEPLOYMENT_TARGET = 13.0;
				LD_RUNPATH_SEARCH_PATHS = (
					"$(inherited)",
					"@executable_path/Frameworks",
				);
				PRODUCT_BUNDLE_IDENTIFIER = com.dexcarehealth.acmetestapps;
				PRODUCT_NAME = "$(TARGET_NAME)";
				PROVISIONING_PROFILE_SPECIFIER = "DexcareSDK SampleApp";
				SWIFT_VERSION = 5.0;
				TARGETED_DEVICE_FAMILY = "1,2";
			};
			name = Debug;
		};
		E8054BAF2538940700BB52DA /* Release */ = {
			isa = XCBuildConfiguration;
			baseConfigurationReference = 2625E9058B299992E538565E /* Pods-DexCareSDK.iOS.SampleApp.release.xcconfig */;
			buildSettings = {
				ASSETCATALOG_COMPILER_APPICON_NAME = AppIcon;
				CODE_SIGN_ENTITLEMENTS = DexCareSDK.iOS.SampleApp/DexCareSDK.iOS.SampleApp.entitlements;
				CODE_SIGN_IDENTITY = "iPhone Distribution";
				CODE_SIGN_STYLE = Manual;
				CURRENT_PROJECT_VERSION = 7;
				DEVELOPMENT_TEAM = ZU6GR6B2FY;
				ENABLE_BITCODE = NO;
				INFOPLIST_FILE = DexCareSDK.iOS.SampleApp/Info.plist;
				IPHONEOS_DEPLOYMENT_TARGET = 13.0;
				LD_RUNPATH_SEARCH_PATHS = (
					"$(inherited)",
					"@executable_path/Frameworks",
				);
				PRODUCT_BUNDLE_IDENTIFIER = com.dexcarehealth.acmetestapps;
				PRODUCT_NAME = "$(TARGET_NAME)";
				PROVISIONING_PROFILE_SPECIFIER = "DexcareSDK SampleApp";
				SWIFT_VERSION = 5.0;
				TARGETED_DEVICE_FAMILY = "1,2";
			};
			name = Release;
		};
/* End XCBuildConfiguration section */

/* Begin XCConfigurationList section */
		E8054B942538940300BB52DA /* Build configuration list for PBXProject "DexCareSDK.iOS.SampleApp" */ = {
			isa = XCConfigurationList;
			buildConfigurations = (
				E8054BAB2538940700BB52DA /* Debug */,
				E8054BAC2538940700BB52DA /* Release */,
			);
			defaultConfigurationIsVisible = 0;
			defaultConfigurationName = Release;
		};
		E8054BAD2538940700BB52DA /* Build configuration list for PBXNativeTarget "DexCareSDK.iOS.SampleApp" */ = {
			isa = XCConfigurationList;
			buildConfigurations = (
				E8054BAE2538940700BB52DA /* Debug */,
				E8054BAF2538940700BB52DA /* Release */,
			);
			defaultConfigurationIsVisible = 0;
			defaultConfigurationName = Release;
		};
/* End XCConfigurationList section */
	};
	rootObject = E8054B912538940300BB52DA /* Project object */;
}
